
Microsoft Visual Studio Solution File, Format Version 12.00
# Visual Studio Version 17
VisualStudioVersion = 17.3.32929.385
MinimumVisualStudioVersion = 10.0.40219.1
Project("{FAE04EC0-301F-11D3-BF4B-00C04F79EFBC}") = "Estudo", "Estudo\Estudo.csproj", "{FE525D05-8D72-482C-B39A-17D14E5C39E8}"
EndProject
Global
	GlobalSection(SolutionConfigurationPlatforms) = preSolution
		Debug|Any CPU = Debug|Any CPU
		Release|Any CPU = Release|Any CPU
	EndGlobalSection
	GlobalSection(ProjectConfigurationPlatforms) = postSolution
		{FE525D05-8D72-482C-B39A-17D14E5C39E8}.Debug|Any CPU.ActiveCfg = Debug|Any CPU
		{FE525D05-8D72-482C-B39A-17D14E5C39E8}.Debug|Any CPU.Build.0 = Debug|Any CPU
		{FE525D05-8D72-482C-B39A-17D14E5C39E8}.Release|Any CPU.ActiveCfg = Release|Any CPU
		{FE525D05-8D72-482C-B39A-17D14E5C39E8}.Release|Any CPU.Build.0 = Release|Any CPU
	EndGlobalSection
	GlobalSection(SolutionProperties) = preSolution
		HideSolutionNode = FALSE
	EndGlobalSection
	GlobalSection(ExtensibilityGlobals) = postSolution
		SolutionGuid = {1798B08F-AAB2-4749-8577-146D6E3E15E0}
	EndGlobalSection
EndGlobal
